// !$*UTF8*$!
{
	archiveVersion = 1;
	classes = {
	};
	objectVersion = 51;
	objects = {

/* Begin PBXBuildFile section */
		46BEA96D244941E90007F86D /* AppDelegate.swift in Sources */ = {isa = PBXBuildFile; fileRef = 46BEA96C244941E90007F86D /* AppDelegate.swift */; };
		46BEA96F244941E90007F86D /* SceneDelegate.swift in Sources */ = {isa = PBXBuildFile; fileRef = 46BEA96E244941E90007F86D /* SceneDelegate.swift */; };
		46BEA971244941E90007F86D /* ContentView.swift in Sources */ = {isa = PBXBuildFile; fileRef = 46BEA970244941E90007F86D /* ContentView.swift */; };
		46BEA973244941EB0007F86D /* Assets.xcassets in Resources */ = {isa = PBXBuildFile; fileRef = 46BEA972244941EB0007F86D /* Assets.xcassets */; };
		46BEA976244941EB0007F86D /* Preview Assets.xcassets in Resources */ = {isa = PBXBuildFile; fileRef = 46BEA975244941EB0007F86D /* Preview Assets.xcassets */; };
		46BEA979244941EB0007F86D /* LaunchScreen.storyboard in Resources */ = {isa = PBXBuildFile; fileRef = 46BEA977244941EB0007F86D /* LaunchScreen.storyboard */; };
		46BEA981244947D70007F86D /* DataFire.swift in Sources */ = {isa = PBXBuildFile; fileRef = 46BEA980244947D70007F86D /* DataFire.swift */; };
		46BEA984244947E00007F86D /* IDData.swift in Sources */ = {isa = PBXBuildFile; fileRef = 46BEA982244947DF0007F86D /* IDData.swift */; };
		46BEA985244947E00007F86D /* ImagePicker.swift in Sources */ = {isa = PBXBuildFile; fileRef = 46BEA983244947E00007F86D /* ImagePicker.swift */; };
		46BEA988244947E90007F86D /* ListMessage.swift in Sources */ = {isa = PBXBuildFile; fileRef = 46BEA986244947E80007F86D /* ListMessage.swift */; };
		46BEA989244947E90007F86D /* MessagePage.swift in Sources */ = {isa = PBXBuildFile; fileRef = 46BEA987244947E90007F86D /* MessagePage.swift */; };
		46BEA98B244949FC0007F86D /* GoogleService-Info.plist in Resources */ = {isa = PBXBuildFile; fileRef = 46BEA98A244949FC0007F86D /* GoogleService-Info.plist */; };
		EB2EEF57E8B20908DBF3D1B9 /* Pods_chat.framework in Frameworks */ = {isa = PBXBuildFile; fileRef = 22E3451F0ED8BB3ABDA1C0D1 /* Pods_chat.framework */; };
/* End PBXBuildFile section */

/* Begin PBXFileReference section */
		22E3451F0ED8BB3ABDA1C0D1 /* Pods_chat.framework */ = {isa = PBXFileReference; explicitFileType = wrapper.framework; includeInIndex = 0; path = Pods_chat.framework; sourceTree = BUILT_PRODUCTS_DIR; };
		46BEA969244941E90007F86D /* chat.app */ = {isa = PBXFileReference; explicitFileType = wrapper.application; includeInIndex = 0; path = chat.app; sourceTree = BUILT_PRODUCTS_DIR; };
		46BEA96C244941E90007F86D /* AppDelegate.swift */ = {isa = PBXFileReference; lastKnownFileType = sourcecode.swift; path = AppDelegate.swift; sourceTree = "<group>"; };
		46BEA96E244941E90007F86D /* SceneDelegate.swift */ = {isa = PBXFileReference; lastKnownFileType = sourcecode.swift; path = SceneDelegate.swift; sourceTree = "<group>"; };
		46BEA970244941E90007F86D /* ContentView.swift */ = {isa = PBXFileReference; lastKnownFileType = sourcecode.swift; path = ContentView.swift; sourceTree = "<group>"; };
		46BEA972244941EB0007F86D /* Assets.xcassets */ = {isa = PBXFileReference; lastKnownFileType = folder.assetcatalog; path = Assets.xcassets; sourceTree = "<group>"; };
		46BEA975244941EB0007F86D /* Preview Assets.xcassets */ = {isa = PBXFileReference; lastKnownFileType = folder.assetcatalog; path = "Preview Assets.xcassets"; sourceTree = "<group>"; };
		46BEA978244941EB0007F86D /* Base */ = {isa = PBXFileReference; lastKnownFileType = file.storyboard; name = Base; path = Base.lproj/LaunchScreen.storyboard; sourceTree = "<group>"; };
		46BEA97A244941EB0007F86D /* Info.plist */ = {isa = PBXFileReference; lastKnownFileType = text.plist.xml; path = Info.plist; sourceTree = "<group>"; };
		46BEA980244947D70007F86D /* DataFire.swift */ = {isa = PBXFileReference; fileEncoding = 4; lastKnownFileType = sourcecode.swift; path = DataFire.swift; sourceTree = "<group>"; };
		46BEA982244947DF0007F86D /* IDData.swift */ = {isa = PBXFileReference; fileEncoding = 4; lastKnownFileType = sourcecode.swift; path = IDData.swift; sourceTree = "<group>"; };
		46BEA983244947E00007F86D /* ImagePicker.swift */ = {isa = PBXFileReference; fileEncoding = 4; lastKnownFileType = sourcecode.swift; path = ImagePicker.swift; sourceTree = "<group>"; };
		46BEA986244947E80007F86D /* ListMessage.swift */ = {isa = PBXFileReference; fileEncoding = 4; lastKnownFileType = sourcecode.swift; path = ListMessage.swift; sourceTree = "<group>"; };
		46BEA987244947E90007F86D /* MessagePage.swift */ = {isa = PBXFileReference; fileEncoding = 4; lastKnownFileType = sourcecode.swift; path = MessagePage.swift; sourceTree = "<group>"; };
		46BEA98A244949FC0007F86D /* GoogleService-Info.plist */ = {isa = PBXFileReference; fileEncoding = 4; lastKnownFileType = text.plist.xml; path = "GoogleService-Info.plist"; sourceTree = "<group>"; };
		6553C3E53CA7646088A8B8EC /* Pods-chat.release.xcconfig */ = {isa = PBXFileReference; includeInIndex = 1; lastKnownFileType = text.xcconfig; name = "Pods-chat.release.xcconfig"; path = "Target Support Files/Pods-chat/Pods-chat.release.xcconfig"; sourceTree = "<group>"; };
		C46E3F8E4427A858E7678DDE /* Pods-chat.debug.xcconfig */ = {isa = PBXFileReference; includeInIndex = 1; lastKnownFileType = text.xcconfig; name = "Pods-chat.debug.xcconfig"; path = "Target Support Files/Pods-chat/Pods-chat.debug.xcconfig"; sourceTree = "<group>"; };
/* End PBXFileReference section */

/* Begin PBXFrameworksBuildPhase section */
		46BEA966244941E90007F86D /* Frameworks */ = {
			isa = PBXFrameworksBuildPhase;
			buildActionMask = 2147483647;
			files = (
				EB2EEF57E8B20908DBF3D1B9 /* Pods_chat.framework in Frameworks */,
			);
			runOnlyForDeploymentPostprocessing = 0;
		};
/* End PBXFrameworksBuildPhase section */

/* Begin PBXGroup section */
		46BEA960244941E90007F86D = {
			isa = PBXGroup;
			children = (
				46BEA96B244941E90007F86D /* chat */,
				46BEA96A244941E90007F86D /* Products */,
				E087ADDC142137A73EB785C1 /* Pods */,
				946ACB192CE0CAD8D25812C2 /* Frameworks */,
			);
			sourceTree = "<group>";
		};
		46BEA96A244941E90007F86D /* Products */ = {
			isa = PBXGroup;
			children = (
				46BEA969244941E90007F86D /* chat.app */,
			);
			name = Products;
			sourceTree = "<group>";
		};
		46BEA96B244941E90007F86D /* chat */ = {
			isa = PBXGroup;
			children = (
				46BEA96C244941E90007F86D /* AppDelegate.swift */,
				46BEA980244947D70007F86D /* DataFire.swift */,
				46BEA96E244941E90007F86D /* SceneDelegate.swift */,
				46BEA982244947DF0007F86D /* IDData.swift */,
				46BEA983244947E00007F86D /* ImagePicker.swift */,
				46BEA970244941E90007F86D /* ContentView.swift */,
				46BEA986244947E80007F86D /* ListMessage.swift */,
				46BEA98A244949FC0007F86D /* GoogleService-Info.plist */,
				46BEA987244947E90007F86D /* MessagePage.swift */,
				46BEA972244941EB0007F86D /* Assets.xcassets */,
				46BEA977244941EB0007F86D /* LaunchScreen.storyboard */,
				46BEA97A244941EB0007F86D /* Info.plist */,
				46BEA974244941EB0007F86D /* Preview Content */,
			);
			path = chat;
			sourceTree = "<group>";
		};
		46BEA974244941EB0007F86D /* Preview Content */ = {
			isa = PBXGroup;
			children = (
				46BEA975244941EB0007F86D /* Preview Assets.xcassets */,
			);
			path = "Preview Content";
			sourceTree = "<group>";
		};
		946ACB192CE0CAD8D25812C2 /* Frameworks */ = {
			isa = PBXGroup;
			children = (
				22E3451F0ED8BB3ABDA1C0D1 /* Pods_chat.framework */,
			);
			name = Frameworks;
			sourceTree = "<group>";
		};
		E087ADDC142137A73EB785C1 /* Pods */ = {
			isa = PBXGroup;
			children = (
				C46E3F8E4427A858E7678DDE /* Pods-chat.debug.xcconfig */,
				6553C3E53CA7646088A8B8EC /* Pods-chat.release.xcconfig */,
			);
			path = Pods;
			sourceTree = "<group>";
		};
/* End PBXGroup section */

/* Begin PBXNativeTarget section */
		46BEA968244941E90007F86D /* chat */ = {
			isa = PBXNativeTarget;
			buildConfigurationList = 46BEA97D244941EB0007F86D /* Build configuration list for PBXNativeTarget "chat" */;
			buildPhases = (
				4CF67D7CCCBC4AD070D7F5DF /* [CP] Check Pods Manifest.lock */,
				46BEA965244941E90007F86D /* Sources */,
				46BEA966244941E90007F86D /* Frameworks */,
				46BEA967244941E90007F86D /* Resources */,
				3543672A585521A372449D52 /* [CP] Embed Pods Frameworks */,
			);
			buildRules = (
			);
			dependencies = (
			);
			name = chat;
			productName = chat;
			productReference = 46BEA969244941E90007F86D /* chat.app */;
			productType = "com.apple.product-type.application";
		};
/* End PBXNativeTarget section */

/* Begin PBXProject section */
		46BEA961244941E90007F86D /* Project object */ = {
			isa = PBXProject;
			attributes = {
				LastSwiftUpdateCheck = 1130;
				LastUpgradeCheck = 1130;
				ORGANIZATIONNAME = rapser;
				TargetAttributes = {
					46BEA968244941E90007F86D = {
						CreatedOnToolsVersion = 11.3.1;
					};
				};
			};
			buildConfigurationList = 46BEA964244941E90007F86D /* Build configuration list for PBXProject "chat" */;
			compatibilityVersion = "Xcode 9.3";
			developmentRegion = en;
			hasScannedForEncodings = 0;
			knownRegions = (
				en,
				Base,
			);
			mainGroup = 46BEA960244941E90007F86D;
			productRefGroup = 46BEA96A244941E90007F86D /* Products */;
			projectDirPath = "";
			projectRoot = "";
			targets = (
				46BEA968244941E90007F86D /* chat */,
			);
		};
/* End PBXProject section */

/* Begin PBXResourcesBuildPhase section */
		46BEA967244941E90007F86D /* Resources */ = {
			isa = PBXResourcesBuildPhase;
			buildActionMask = 2147483647;
			files = (
				46BEA979244941EB0007F86D /* LaunchScreen.storyboard in Resources */,
				46BEA98B244949FC0007F86D /* GoogleService-Info.plist in Resources */,
				46BEA976244941EB0007F86D /* Preview Assets.xcassets in Resources */,
				46BEA973244941EB0007F86D /* Assets.xcassets in Resources */,
			);
			runOnlyForDeploymentPostprocessing = 0;
		};
/* End PBXResourcesBuildPhase section */

/* Begin PBXShellScriptBuildPhase section */
		3543672A585521A372449D52 /* [CP] Embed Pods Frameworks */ = {
			isa = PBXShellScriptBuildPhase;
			buildActionMask = 2147483647;
			files = (
			);
			inputFileListPaths = (
				"${PODS_ROOT}/Target Support Files/Pods-chat/Pods-chat-frameworks-${CONFIGURATION}-input-files.xcfilelist",
			);
			name = "[CP] Embed Pods Frameworks";
			outputFileListPaths = (
				"${PODS_ROOT}/Target Support Files/Pods-chat/Pods-chat-frameworks-${CONFIGURATION}-output-files.xcfilelist",
			);
			runOnlyForDeploymentPostprocessing = 0;
			shellPath = /bin/sh;
			shellScript = "\"${PODS_ROOT}/Target Support Files/Pods-chat/Pods-chat-frameworks.sh\"\n";
			showEnvVarsInLog = 0;
		};
		4CF67D7CCCBC4AD070D7F5DF /* [CP] Check Pods Manifest.lock */ = {
			isa = PBXShellScriptBuildPhase;
			buildActionMask = 2147483647;
			files = (
			);
			inputFileListPaths = (
			);
			inputPaths = (
				"${PODS_PODFILE_DIR_PATH}/Podfile.lock",
				"${PODS_ROOT}/Manifest.lock",
			);
			name = "[CP] Check Pods Manifest.lock";
			outputFileListPaths = (
			);
			outputPaths = (
				"$(DERIVED_FILE_DIR)/Pods-chat-checkManifestLockResult.txt",
			);
			runOnlyForDeploymentPostprocessing = 0;
			shellPath = /bin/sh;
			shellScript = "diff \"${PODS_PODFILE_DIR_PATH}/Podfile.lock\" \"${PODS_ROOT}/Manifest.lock\" > /dev/null\nif [ $? != 0 ] ; then\n    # print error to STDERR\n    echo \"error: The sandbox is not in sync with the Podfile.lock. Run 'pod install' or update your CocoaPods installation.\" >&2\n    exit 1\nfi\n# This output is used by Xcode 'outputs' to avoid re-running this script phase.\necho \"SUCCESS\" > \"${SCRIPT_OUTPUT_FILE_0}\"\n";
			showEnvVarsInLog = 0;
		};
/* End PBXShellScriptBuildPhase section */

/* Begin PBXSourcesBuildPhase section */
		46BEA965244941E90007F86D /* Sources */ = {
			isa = PBXSourcesBuildPhase;
			buildActionMask = 2147483647;
			files = (
				46BEA96D244941E90007F86D /* AppDelegate.swift in Sources */,
				46BEA984244947E00007F86D /* IDData.swift in Sources */,
				46BEA981244947D70007F86D /* DataFire.swift in Sources */,
				46BEA985244947E00007F86D /* ImagePicker.swift in Sources */,
				46BEA96F244941E90007F86D /* SceneDelegate.swift in Sources */,
				46BEA971244941E90007F86D /* ContentView.swift in Sources */,
				46BEA989244947E90007F86D /* MessagePage.swift in Sources */,
				46BEA988244947E90007F86D /* ListMessage.swift in Sources */,
			);
			runOnlyForDeploymentPostprocessing = 0;
		};
/* End PBXSourcesBuildPhase section */

/* Begin PBXVariantGroup section */
		46BEA977244941EB0007F86D /* LaunchScreen.storyboard */ = {
			isa = PBXVariantGroup;
			children = (
				46BEA978244941EB0007F86D /* Base */,
			);
			name = LaunchScreen.storyboard;
			sourceTree = "<group>";
		};
/* End PBXVariantGroup section */

/* Begin XCBuildConfiguration section */
		46BEA97B244941EB0007F86D /* Debug */ = {
			isa = XCBuildConfiguration;
			buildSettings = {
				ALWAYS_SEARCH_USER_PATHS = NO;
				CLANG_ANALYZER_NONNULL = YES;
				CLANG_ANALYZER_NUMBER_OBJECT_CONVERSION = YES_AGGRESSIVE;
				CLANG_CXX_LANGUAGE_STANDARD = "gnu++14";
				CLANG_CXX_LIBRARY = "libc++";
				CLANG_ENABLE_MODULES = YES;
				CLANG_ENABLE_OBJC_ARC = YES;
				CLANG_ENABLE_OBJC_WEAK = YES;
				CLANG_WARN_BLOCK_CAPTURE_AUTORELEASING = YES;
				CLANG_WARN_BOOL_CONVERSION = YES;
				CLANG_WARN_COMMA = YES;
				CLANG_WARN_CONSTANT_CONVERSION = YES;
				CLANG_WARN_DEPRECATED_OBJC_IMPLEMENTATIONS = YES;
				CLANG_WARN_DIRECT_OBJC_ISA_USAGE = YES_ERROR;
				CLANG_WARN_DOCUMENTATION_COMMENTS = YES;
				CLANG_WARN_EMPTY_BODY = YES;
				CLANG_WARN_ENUM_CONVERSION = YES;
				CLANG_WARN_INFINITE_RECURSION = YES;
				CLANG_WARN_INT_CONVERSION = YES;
				CLANG_WARN_NON_LITERAL_NULL_CONVERSION = YES;
				CLANG_WARN_OBJC_IMPLICIT_RETAIN_SELF = YES;
				CLANG_WARN_OBJC_LITERAL_CONVERSION = YES;
				CLANG_WARN_OBJC_ROOT_CLASS = YES_ERROR;
				CLANG_WARN_RANGE_LOOP_ANALYSIS = YES;
				CLANG_WARN_STRICT_PROTOTYPES = YES;
				CLANG_WARN_SUSPICIOUS_MOVE = YES;
				CLANG_WARN_UNGUARDED_AVAILABILITY = YES_AGGRESSIVE;
				CLANG_WARN_UNREACHABLE_CODE = YES;
				CLANG_WARN__DUPLICATE_METHOD_MATCH = YES;
				COPY_PHASE_STRIP = NO;
				DEBUG_INFORMATION_FORMAT = dwarf;
				ENABLE_STRICT_OBJC_MSGSEND = YES;
				ENABLE_TESTABILITY = YES;
				GCC_C_LANGUAGE_STANDARD = gnu11;
				GCC_DYNAMIC_NO_PIC = NO;
				GCC_NO_COMMON_BLOCKS = YES;
				GCC_OPTIMIZATION_LEVEL = 0;
				GCC_PREPROCESSOR_DEFINITIONS = (
					"DEBUG=1",
					"$(inherited)",
				);
				GCC_WARN_64_TO_32_BIT_CONVERSION = YES;
				GCC_WARN_ABOUT_RETURN_TYPE = YES_ERROR;
				GCC_WARN_UNDECLARED_SELECTOR = YES;
				GCC_WARN_UNINITIALIZED_AUTOS = YES_AGGRESSIVE;
				GCC_WARN_UNUSED_FUNCTION = YES;
				GCC_WARN_UNUSED_VARIABLE = YES;
				IPHONEOS_DEPLOYMENT_TARGET = 13.2;
				MTL_ENABLE_DEBUG_INFO = INCLUDE_SOURCE;
				MTL_FAST_MATH = YES;
				ONLY_ACTIVE_ARCH = YES;
				SDKROOT = iphoneos;
				SWIFT_ACTIVE_COMPILATION_CONDITIONS = DEBUG;
				SWIFT_OPTIMIZATION_LEVEL = "-Onone";
			};
			name = Debug;
		};
		46BEA97C244941EB0007F86D /* Release */ = {
			isa = XCBuildConfiguration;
			buildSettings = {
				ALWAYS_SEARCH_USER_PATHS = NO;
				CLANG_ANALYZER_NONNULL = YES;
				CLANG_ANALYZER_NUMBER_OBJECT_CONVERSION = YES_AGGRESSIVE;
				CLANG_CXX_LANGUAGE_STANDARD = "gnu++14";
				CLANG_CXX_LIBRARY = "libc++";
				CLANG_ENABLE_MODULES = YES;
				CLANG_ENABLE_OBJC_ARC = YES;
				CLANG_ENABLE_OBJC_WEAK = YES;
				CLANG_WARN_BLOCK_CAPTURE_AUTORELEASING = YES;
				CLANG_WARN_BOOL_CONVERSION = YES;
				CLANG_WARN_COMMA = YES;
				CLANG_WARN_CONSTANT_CONVERSION = YES;
				CLANG_WARN_DEPRECATED_OBJC_IMPLEMENTATIONS = YES;
				CLANG_WARN_DIRECT_OBJC_ISA_USAGE = YES_ERROR;
				CLANG_WARN_DOCUMENTATION_COMMENTS = YES;
				CLANG_WARN_EMPTY_BODY = YES;
				CLANG_WARN_ENUM_CONVERSION = YES;
				CLANG_WARN_INFINITE_RECURSION = YES;
				CLANG_WARN_INT_CONVERSION = YES;
				CLANG_WARN_NON_LITERAL_NULL_CONVERSION = YES;
				CLANG_WARN_OBJC_IMPLICIT_RETAIN_SELF = YES;
				CLANG_WARN_OBJC_LITERAL_CONVERSION = YES;
				CLANG_WARN_OBJC_ROOT_CLASS = YES_ERROR;
				CLANG_WARN_RANGE_LOOP_ANALYSIS = YES;
				CLANG_WARN_STRICT_PROTOTYPES = YES;
				CLANG_WARN_SUSPICIOUS_MOVE = YES;
				CLANG_WARN_UNGUARDED_AVAILABILITY = YES_AGGRESSIVE;
				CLANG_WARN_UNREACHABLE_CODE = YES;
				CLANG_WARN__DUPLICATE_METHOD_MATCH = YES;
				COPY_PHASE_STRIP = NO;
				DEBUG_INFORMATION_FORMAT = "dwarf-with-dsym";
				ENABLE_NS_ASSERTIONS = NO;
				ENABLE_STRICT_OBJC_MSGSEND = YES;
				GCC_C_LANGUAGE_STANDARD = gnu11;
				GCC_NO_COMMON_BLOCKS = YES;
				GCC_WARN_64_TO_32_BIT_CONVERSION = YES;
				GCC_WARN_ABOUT_RETURN_TYPE = YES_ERROR;
				GCC_WARN_UNDECLARED_SELECTOR = YES;
				GCC_WARN_UNINITIALIZED_AUTOS = YES_AGGRESSIVE;
				GCC_WARN_UNUSED_FUNCTION = YES;
				GCC_WARN_UNUSED_VARIABLE = YES;
				IPHONEOS_DEPLOYMENT_TARGET = 13.2;
				MTL_ENABLE_DEBUG_INFO = NO;
				MTL_FAST_MATH = YES;
				SDKROOT = iphoneos;
				SWIFT_COMPILATION_MODE = wholemodule;
				SWIFT_OPTIMIZATION_LEVEL = "-O";
				VALIDATE_PRODUCT = YES;
			};
			name = Release;
		};
		46BEA97E244941EB0007F86D /* Debug */ = {
			isa = XCBuildConfiguration;
			baseConfigurationReference = C46E3F8E4427A858E7678DDE /* Pods-chat.debug.xcconfig */;
			buildSettings = {
				ASSETCATALOG_COMPILER_APPICON_NAME = AppIcon;
				CODE_SIGN_STYLE = Automatic;
				DEVELOPMENT_ASSET_PATHS = "\"chat/Preview Content\"";
				DEVELOPMENT_TEAM = P6FCYRT7JM;
				ENABLE_PREVIEWS = YES;
				INFOPLIST_FILE = chat/Info.plist;
				LD_RUNPATH_SEARCH_PATHS = (
					"$(inherited)",
					"@executable_path/Frameworks",
				);
				PRODUCT_BUNDLE_IDENTIFIER = com.rapser.chat;
				PRODUCT_NAME = "$(TARGET_NAME)";
				SWIFT_VERSION = 5.0;
				TARGETED_DEVICE_FAMILY = "1,2";
			};
			name = Debug;
		};
		46BEA97F244941EB0007F86D /* Release */ = {
			isa = XCBuildConfiguration;
			baseConfigurationReference = 6553C3E53CA7646088A8B8EC /* Pods-chat.release.xcconfig */;
			buildSettings = {
				ASSETCATALOG_COMPILER_APPICON_NAME = AppIcon;
				CODE_SIGN_STYLE = Automatic;
				DEVELOPMENT_ASSET_PATHS = "\"chat/Preview Content\"";
				DEVELOPMENT_TEAM = P6FCYRT7JM;
				ENABLE_PREVIEWS = YES;
				INFOPLIST_FILE = chat/Info.plist;
				LD_RUNPATH_SEARCH_PATHS = (
					"$(inherited)",
					"@executable_path/Frameworks",
				);
				PRODUCT_BUNDLE_IDENTIFIER = com.rapser.chat;
				PRODUCT_NAME = "$(TARGET_NAME)";
				SWIFT_VERSION = 5.0;
				TARGETED_DEVICE_FAMILY = "1,2";
			};
			name = Release;
		};
/* End XCBuildConfiguration section */

/* Begin XCConfigurationList section */
		46BEA964244941E90007F86D /* Build configuration list for PBXProject "chat" */ = {
			isa = XCConfigurationList;
			buildConfigurations = (
				46BEA97B244941EB0007F86D /* Debug */,
				46BEA97C244941EB0007F86D /* Release */,
			);
			defaultConfigurationIsVisible = 0;
			defaultConfigurationName = Release;
		};
		46BEA97D244941EB0007F86D /* Build configuration list for PBXNativeTarget "chat" */ = {
			isa = XCConfigurationList;
			buildConfigurations = (
				46BEA97E244941EB0007F86D /* Debug */,
				46BEA97F244941EB0007F86D /* Release */,
			);
			defaultConfigurationIsVisible = 0;
			defaultConfigurationName = Release;
		};
/* End XCConfigurationList section */
	};
	rootObject = 46BEA961244941E90007F86D /* Project object */;
}
